<?xml version="1.0" encoding="utf-8"?>
<Project ToolsVersion="4.0" xmlns="http://schemas.microsoft.com/developer/msbuild/2003">
  <ItemGroup>
    <Filter Include="xBase">
      <UniqueIdentifier>{427eb058-9435-45f4-8c23-938456caede9}</UniqueIdentifier>
    </Filter>
    <Filter Include="xCommand">
      <UniqueIdentifier>{0954328a-d1f7-4e3b-b4b8-5d26bf503471}</UniqueIdentifier>
    </Filter>
    <Filter Include="xConfig">
      <UniqueIdentifier>{c37d78b7-d933-4318-bc88-2433e23f2daf}</UniqueIdentifier>
    </Filter>
    <Filter Include="xGame">
      <UniqueIdentifier>{d3055541-83d1-4912-a72e-21d4b039cb4b}</UniqueIdentifier>
    </Filter>
    <Filter Include="xGameData">
      <UniqueIdentifier>{9ee331eb-bd04-4be3-a4c7-37cb9b748fa1}</UniqueIdentifier>
    </Filter>
    <Filter Include="xNet">
      <UniqueIdentifier>{b7f63b6d-fcc0-4fff-92ea-82cd0ed959eb}</UniqueIdentifier>
    </Filter>
    <Filter Include="xServer">
      <UniqueIdentifier>{52374796-3355-4694-b672-413d085adf4a}</UniqueIdentifier>
    </Filter>
    <Filter Include="xBase\database">
      <UniqueIdentifier>{7c1b7f72-b4ae-4547-8b78-4f68ba368e21}</UniqueIdentifier>
    </Filter>
    <Filter Include="xBase\des">
      <UniqueIdentifier>{6839b5b9-72df-40e9-a962-15a8f0095d74}</UniqueIdentifier>
    </Filter>
    <Filter Include="xBase\libxml">
      <UniqueIdentifier>{2a96d2ac-6990-46a4-b229-64f25fa4fa4c}</UniqueIdentifier>
    </Filter>
    <Filter Include="xBase\mySQL5.5">
      <UniqueIdentifier>{637c7a50-696d-4cf8-ba95-88109d00b529}</UniqueIdentifier>
    </Filter>
    <Filter Include="xBase\lualib">
      <UniqueIdentifier>{c70dc0b3-84ed-4a2f-a78b-835924bfb666}</UniqueIdentifier>
    </Filter>
    <Filter Include="xBase\zlib">
      <UniqueIdentifier>{39be19b4-ec7c-47cf-8c3a-c7f89616de78}</UniqueIdentifier>
    </Filter>
  </ItemGroup>
  <ItemGroup>
    <None Include="..\xServer\makefile">
      <Filter>xServer</Filter>
    </None>
    <None Include="..\xNet\makefile">
      <Filter>xNet</Filter>
    </None>
    <None Include="..\xBase\makefile">
      <Filter>xBase</Filter>
    </None>
    <None Include="..\xBase\database\Makefile">
      <Filter>xBase\database</Filter>
    </None>
    <None Include="..\xBase\des\makefile_d3des">
      <Filter>xBase\des</Filter>
    </None>
    <None Include="..\xBase\mySQL5.5\libmysql.dll">
      <Filter>xBase\mySQL5.5</Filter>
    </None>
    <None Include="..\xBase\zlib\Makefile">
      <Filter>xBase\zlib</Filter>
    </None>
    <None Include="..\xBase\zlib\zlib2ansi">
      <Filter>xBase\zlib</Filter>
    </None>
    <None Include="..\xCommand\makefile">
      <Filter>xCommand</Filter>
    </None>
    <None Include="..\xConfig\makefile">
      <Filter>xConfig</Filter>
    </None>
    <None Include="..\xGame\makefile">
      <Filter>xGame</Filter>
    </None>
    <None Include="..\xGameData\makefile">
      <Filter>xGameData</Filter>
    </None>
    <None Include="..\..\clean_server" />
    <None Include="..\..\make_server" />
    <None Include="..\..\run_server" />
    <None Include="..\..\stop_server" />
  </ItemGroup>
  <ItemGroup>
    <ClCompile Include="..\xServer\xClient.cpp">
      <Filter>xServer</Filter>
    </ClCompile>
    <ClCompile Include="..\xServer\xServer.cpp">
      <Filter>xServer</Filter>
    </ClCompile>
    <ClCompile Include="..\xServer\xTask.cpp">
      <Filter>xServer</Filter>
    </ClCompile>
    <ClCompile Include="..\xServer\ZoneServer.cpp">
      <Filter>xServer</Filter>
    </ClCompile>
    <ClCompile Include="..\xNet\xByteBuffer.cpp">
      <Filter>xNet</Filter>
    </ClCompile>
    <ClCompile Include="..\xNet\xNetProcessor.cpp">
      <Filter>xNet</Filter>
    </ClCompile>
    <ClCompile Include="..\xNet\xSocket.cpp">
      <Filter>xNet</Filter>
    </ClCompile>
    <ClCompile Include="..\xBase\xDBConnPool.cpp">
      <Filter>xBase</Filter>
    </ClCompile>
    <ClCompile Include="..\xBase\xExecutionTime.cpp">
      <Filter>xBase</Filter>
    </ClCompile>
    <ClCompile Include="..\xBase\xFunctionTime.cpp">
      <Filter>xBase</Filter>
    </ClCompile>
    <ClCompile Include="..\xBase\xLog.cpp">
      <Filter>xBase</Filter>
    </ClCompile>
    <ClCompile Include="..\xBase\xStringTool.cpp">
      <Filter>xBase</Filter>
    </ClCompile>
    <ClCompile Include="..\xBase\xThread.cpp">
      <Filter>xBase</Filter>
    </ClCompile>
    <ClCompile Include="..\xBase\xTime.cpp">
      <Filter>xBase</Filter>
    </ClCompile>
    <ClCompile Include="..\xBase\xTools.cpp">
      <Filter>xBase</Filter>
    </ClCompile>
    <ClCompile Include="..\xBase\xXMLParser.cpp">
      <Filter>xBase</Filter>
    </ClCompile>
    <ClCompile Include="..\xBase\database\xDBConnPool.cpp">
      <Filter>xBase\database</Filter>
    </ClCompile>
    <ClCompile Include="..\xBase\des\d3des.c">
      <Filter>xBase\des</Filter>
    </ClCompile>
    <ClCompile Include="..\xBase\src\lapi.c">
      <Filter>xBase\lualib</Filter>
    </ClCompile>
    <ClCompile Include="..\xBase\src\lauxlib.c">
      <Filter>xBase\lualib</Filter>
    </ClCompile>
    <ClCompile Include="..\xBase\src\lbaselib.c">
      <Filter>xBase\lualib</Filter>
    </ClCompile>
    <ClCompile Include="..\xBase\src\lcode.c">
      <Filter>xBase\lualib</Filter>
    </ClCompile>
    <ClCompile Include="..\xBase\src\ldblib.c">
      <Filter>xBase\lualib</Filter>
    </ClCompile>
    <ClCompile Include="..\xBase\src\ldebug.c">
      <Filter>xBase\lualib</Filter>
    </ClCompile>
    <ClCompile Include="..\xBase\src\ldo.c">
      <Filter>xBase\lualib</Filter>
    </ClCompile>
    <ClCompile Include="..\xBase\src\ldump.c">
      <Filter>xBase\lualib</Filter>
    </ClCompile>
    <ClCompile Include="..\xBase\src\lfunc.c">
      <Filter>xBase\lualib</Filter>
    </ClCompile>
    <ClCompile Include="..\xBase\src\lgc.c">
      <Filter>xBase\lualib</Filter>
    </ClCompile>
    <ClCompile Include="..\xBase\src\linit.c">
      <Filter>xBase\lualib</Filter>
    </ClCompile>
    <ClCompile Include="..\xBase\src\liolib.c">
      <Filter>xBase\lualib</Filter>
    </ClCompile>
    <ClCompile Include="..\xBase\src\llex.c">
      <Filter>xBase\lualib</Filter>
    </ClCompile>
    <ClCompile Include="..\xBase\src\lmathlib.c">
      <Filter>xBase\lualib</Filter>
    </ClCompile>
    <ClCompile Include="..\xBase\src\lmem.c">
      <Filter>xBase\lualib</Filter>
    </ClCompile>
    <ClCompile Include="..\xBase\src\loadlib.c">
      <Filter>xBase\lualib</Filter>
    </ClCompile>
    <ClCompile Include="..\xBase\src\lobject.c">
      <Filter>xBase\lualib</Filter>
    </ClCompile>
    <ClCompile Include="..\xBase\src\lopcodes.c">
      <Filter>xBase\lualib</Filter>
    </ClCompile>
    <ClCompile Include="..\xBase\src\loslib.c">
      <Filter>xBase\lualib</Filter>
    </ClCompile>
    <ClCompile Include="..\xBase\src\lparser.c">
      <Filter>xBase\lualib</Filter>
    </ClCompile>
    <ClCompile Include="..\xBase\src\lstate.c">
      <Filter>xBase\lualib</Filter>
    </ClCompile>
    <ClCompile Include="..\xBase\src\lstring.c">
      <Filter>xBase\lualib</Filter>
    </ClCompile>
    <ClCompile Include="..\xBase\src\lstrlib.c">
      <Filter>xBase\lualib</Filter>
    </ClCompile>
    <ClCompile Include="..\xBase\src\ltable.c">
      <Filter>xBase\lualib</Filter>
    </ClCompile>
    <ClCompile Include="..\xBase\src\ltablib.c">
      <Filter>xBase\lualib</Filter>
    </ClCompile>
    <ClCompile Include="..\xBase\src\ltm.c">
      <Filter>xBase\lualib</Filter>
    </ClCompile>
    <ClCompile Include="..\xBase\src\lundump.c">
      <Filter>xBase\lualib</Filter>
    </ClCompile>
    <ClCompile Include="..\xBase\src\lvm.c">
      <Filter>xBase\lualib</Filter>
    </ClCompile>
    <ClCompile Include="..\xBase\src\lzio.c">
      <Filter>xBase\lualib</Filter>
    </ClCompile>
    <ClCompile Include="..\xBase\zlib\adler32.c">
      <Filter>xBase\zlib</Filter>
    </ClCompile>
    <ClCompile Include="..\xBase\zlib\compress.c">
      <Filter>xBase\zlib</Filter>
    </ClCompile>
    <ClCompile Include="..\xBase\zlib\crc32.c">
      <Filter>xBase\zlib</Filter>
    </ClCompile>
    <ClCompile Include="..\xBase\zlib\deflate.c">
      <Filter>xBase\zlib</Filter>
    </ClCompile>
    <ClCompile Include="..\xBase\zlib\gzclose.c">
      <Filter>xBase\zlib</Filter>
    </ClCompile>
    <ClCompile Include="..\xBase\zlib\gzlib.c">
      <Filter>xBase\zlib</Filter>
    </ClCompile>
    <ClCompile Include="..\xBase\zlib\gzread.c">
      <Filter>xBase\zlib</Filter>
    </ClCompile>
    <ClCompile Include="..\xBase\zlib\gzwrite.c">
      <Filter>xBase\zlib</Filter>
    </ClCompile>
    <ClCompile Include="..\xBase\zlib\infback.c">
      <Filter>xBase\zlib</Filter>
    </ClCompile>
    <ClCompile Include="..\xBase\zlib\inffast.c">
      <Filter>xBase\zlib</Filter>
    </ClCompile>
    <ClCompile Include="..\xBase\zlib\inflate.c">
      <Filter>xBase\zlib</Filter>
    </ClCompile>
    <ClCompile Include="..\xBase\zlib\inftrees.c">
      <Filter>xBase\zlib</Filter>
    </ClCompile>
    <ClCompile Include="..\xBase\zlib\trees.c">
      <Filter>xBase\zlib</Filter>
    </ClCompile>
    <ClCompile Include="..\xBase\zlib\uncompr.c">
      <Filter>xBase\zlib</Filter>
    </ClCompile>
    <ClCompile Include="..\xBase\zlib\zutil.c">
      <Filter>xBase\zlib</Filter>
    </ClCompile>
    <ClCompile Include="..\xServer\xBalanceMgr.cpp">
      <Filter>xServer</Filter>
    </ClCompile>
  </ItemGroup>
  <ItemGroup>
    <ClInclude Include="..\xServer\xClient.h">
      <Filter>xServer</Filter>
    </ClInclude>
    <ClInclude Include="..\xServer\xServer.h">
      <Filter>xServer</Filter>
    </ClInclude>
    <ClInclude Include="..\xServer\xSignal.h">
      <Filter>xServer</Filter>
    </ClInclude>
    <ClInclude Include="..\xServer\xState.h">
      <Filter>xServer</Filter>
    </ClInclude>
    <ClInclude Include="..\xServer\xStateMachine.h">
      <Filter>xServer</Filter>
    </ClInclude>
    <ClInclude Include="..\xServer\xTask.h">
      <Filter>xServer</Filter>
    </ClInclude>
    <ClInclude Include="..\xServer\ZoneServer.h">
      <Filter>xServer</Filter>
    </ClInclude>
    <ClInclude Include="..\xNet\xByteBuffer.h">
      <Filter>xNet</Filter>
    </ClInclude>
    <ClInclude Include="..\xNet\xNetDefine.h">
      <Filter>xNet</Filter>
    </ClInclude>
    <ClInclude Include="..\xNet\xNetProcessor.h">
      <Filter>xNet</Filter>
    </ClInclude>
    <ClInclude Include="..\xNet\xSocket.h">
      <Filter>xNet</Filter>
    </ClInclude>
    <ClInclude Include="..\xBase\xDBConnPool.h">
      <Filter>xBase</Filter>
    </ClInclude>
    <ClInclude Include="..\xBase\xDBMeta.h">
      <Filter>xBase</Filter>
    </ClInclude>
    <ClInclude Include="..\xBase\xDefine.h">
      <Filter>xBase</Filter>
    </ClInclude>
    <ClInclude Include="..\xBase\xExecutionTime.h">
      <Filter>xBase</Filter>
    </ClInclude>
    <ClInclude Include="..\xBase\xFunctionTime.h">
      <Filter>xBase</Filter>
    </ClInclude>
    <ClInclude Include="..\xBase\xLog.h">
      <Filter>xBase</Filter>
    </ClInclude>
    <ClInclude Include="..\xBase\xStringTool.h">
      <Filter>xBase</Filter>
    </ClInclude>
    <ClInclude Include="..\xBase\xThread.h">
      <Filter>xBase</Filter>
    </ClInclude>
    <ClInclude Include="..\xBase\xTime.h">
      <Filter>xBase</Filter>
    </ClInclude>
    <ClInclude Include="..\xBase\xTools.h">
      <Filter>xBase</Filter>
    </ClInclude>
    <ClInclude Include="..\xBase\xUniqueIDManager.h">
      <Filter>xBase</Filter>
    </ClInclude>
    <ClInclude Include="..\xBase\xXMLParser.h">
      <Filter>xBase</Filter>
    </ClInclude>
    <ClInclude Include="..\xBase\database\xDBConnPool.h">
      <Filter>xBase\database</Filter>
    </ClInclude>
    <ClInclude Include="..\xBase\database\xDBMeta.h">
      <Filter>xBase\database</Filter>
    </ClInclude>
    <ClInclude Include="..\xBase\des\d3des.h">
      <Filter>xBase\des</Filter>
    </ClInclude>
    <ClInclude Include="..\xBase\mySQL5.5\my_alloc.h">
      <Filter>xBase\mySQL5.5</Filter>
    </ClInclude>
    <ClInclude Include="..\xBase\mySQL5.5\my_list.h">
      <Filter>xBase\mySQL5.5</Filter>
    </ClInclude>
    <ClInclude Include="..\xBase\mySQL5.5\mysql.h">
      <Filter>xBase\mySQL5.5</Filter>
    </ClInclude>
    <ClInclude Include="..\xBase\mySQL5.5\mysql_com.h">
      <Filter>xBase\mySQL5.5</Filter>
    </ClInclude>
    <ClInclude Include="..\xBase\mySQL5.5\mysql_time.h">
      <Filter>xBase\mySQL5.5</Filter>
    </ClInclude>
    <ClInclude Include="..\xBase\mySQL5.5\mysql_version.h">
      <Filter>xBase\mySQL5.5</Filter>
    </ClInclude>
    <ClInclude Include="..\xBase\mySQL5.5\typelib.h">
      <Filter>xBase\mySQL5.5</Filter>
    </ClInclude>
    <ClInclude Include="..\xBase\src\lapi.h">
      <Filter>xBase\lualib</Filter>
    </ClInclude>
    <ClInclude Include="..\xBase\src\lauxlib.h">
      <Filter>xBase\lualib</Filter>
    </ClInclude>
    <ClInclude Include="..\xBase\src\lcode.h">
      <Filter>xBase\lualib</Filter>
    </ClInclude>
    <ClInclude Include="..\xBase\src\ldebug.h">
      <Filter>xBase\lualib</Filter>
    </ClInclude>
    <ClInclude Include="..\xBase\src\ldo.h">
      <Filter>xBase\lualib</Filter>
    </ClInclude>
    <ClInclude Include="..\xBase\src\lfunc.h">
      <Filter>xBase\lualib</Filter>
    </ClInclude>
    <ClInclude Include="..\xBase\src\lgc.h">
      <Filter>xBase\lualib</Filter>
    </ClInclude>
    <ClInclude Include="..\xBase\src\llex.h">
      <Filter>xBase\lualib</Filter>
    </ClInclude>
    <ClInclude Include="..\xBase\src\llimits.h">
      <Filter>xBase\lualib</Filter>
    </ClInclude>
    <ClInclude Include="..\xBase\src\lmem.h">
      <Filter>xBase\lualib</Filter>
    </ClInclude>
    <ClInclude Include="..\xBase\src\lobject.h">
      <Filter>xBase\lualib</Filter>
    </ClInclude>
    <ClInclude Include="..\xBase\src\lopcodes.h">
      <Filter>xBase\lualib</Filter>
    </ClInclude>
    <ClInclude Include="..\xBase\src\lparser.h">
      <Filter>xBase\lualib</Filter>
    </ClInclude>
    <ClInclude Include="..\xBase\src\lstate.h">
      <Filter>xBase\lualib</Filter>
    </ClInclude>
    <ClInclude Include="..\xBase\src\lstring.h">
      <Filter>xBase\lualib</Filter>
    </ClInclude>
    <ClInclude Include="..\xBase\src\ltable.h">
      <Filter>xBase\lualib</Filter>
    </ClInclude>
    <ClInclude Include="..\xBase\src\ltm.h">
      <Filter>xBase\lualib</Filter>
    </ClInclude>
    <ClInclude Include="..\xBase\src\lua.h">
      <Filter>xBase\lualib</Filter>
    </ClInclude>
    <ClInclude Include="..\xBase\src\luaconf.h">
      <Filter>xBase\lualib</Filter>
    </ClInclude>
    <ClInclude Include="..\xBase\src\lualib.h">
      <Filter>xBase\lualib</Filter>
    </ClInclude>
    <ClInclude Include="..\xBase\src\lundump.h">
      <Filter>xBase\lualib</Filter>
    </ClInclude>
    <ClInclude Include="..\xBase\src\lvm.h">
      <Filter>xBase\lualib</Filter>
    </ClInclude>
    <ClInclude Include="..\xBase\src\lzio.h">
      <Filter>xBase\lualib</Filter>
    </ClInclude>
    <ClInclude Include="..\xBase\zlib\crc32.h">
      <Filter>xBase\zlib</Filter>
    </ClInclude>
    <ClInclude Include="..\xBase\zlib\deflate.h">
      <Filter>xBase\zlib</Filter>
    </ClInclude>
    <ClInclude Include="..\xBase\zlib\gzguts.h">
      <Filter>xBase\zlib</Filter>
    </ClInclude>
    <ClInclude Include="..\xBase\zlib\inffast.h">
      <Filter>xBase\zlib</Filter>
    </ClInclude>
    <ClInclude Include="..\xBase\zlib\inffixed.h">
      <Filter>xBase\zlib</Filter>
    </ClInclude>
    <ClInclude Include="..\xBase\zlib\inflate.h">
      <Filter>xBase\zlib</Filter>
    </ClInclude>
    <ClInclude Include="..\xBase\zlib\inftrees.h">
      <Filter>xBase\zlib</Filter>
    </ClInclude>
    <ClInclude Include="..\xBase\zlib\trees.h">
      <Filter>xBase\zlib</Filter>
    </ClInclude>
    <ClInclude Include="..\xBase\zlib\zconf.h">
      <Filter>xBase\zlib</Filter>
    </ClInclude>
    <ClInclude Include="..\xBase\zlib\zlib.h">
      <Filter>xBase\zlib</Filter>
    </ClInclude>
    <ClInclude Include="..\xBase\zlib\zutil.h">
      <Filter>xBase\zlib</Filter>
    </ClInclude>
    <ClInclude Include="..\xCommand\LogCmd.h">
      <Filter>xCommand</Filter>
    </ClInclude>
    <ClInclude Include="..\xCommand\LoginCmd.h">
      <Filter>xCommand</Filter>
    </ClInclude>
    <ClInclude Include="..\xCommand\SystemCmd.h">
      <Filter>xCommand</Filter>
    </ClInclude>
    <ClInclude Include="..\xCommand\UserCmd.h">
      <Filter>xCommand</Filter>
    </ClInclude>
    <ClInclude Include="..\xCommand\xCommand.h">
      <Filter>xCommand</Filter>
    </ClInclude>
    <ClInclude Include="..\xBase\xSingletonTemplate.h">
      <Filter>xBase</Filter>
    </ClInclude>
    <ClInclude Include="..\xBase\xPoolBase.h">
      <Filter>xBase</Filter>
    </ClInclude>
    <ClInclude Include="..\xServer\xBalanceMgr.h">
      <Filter>xServer</Filter>
    </ClInclude>
    <ClInclude Include="..\xBase\xSimpleAllocator.h">
      <Filter>xBase</Filter>
    </ClInclude>
    <ClInclude Include="..\xBase\xSynlock.h">
      <Filter>xBase</Filter>
    </ClInclude>
  </ItemGroup>
  <ItemGroup>
    <Library Include="..\xBase\mySQL5.5\libmySQL.lib">
      <Filter>xBase\mySQL5.5</Filter>
    </Library>
  </ItemGroup>
</Project>