
Microsoft Visual Studio Solution File, Format Version 12.00
# Visual Studio 15
VisualStudioVersion = 15.0.28307.106
MinimumVisualStudioVersion = 10.0.40219.1
Project("{2150E333-8FDC-42A3-9474-1A3956D46DE8}") = "ServerTemplate", "ServerTemplate", "{E63EB432-8C77-4A93-B24F-70D2997009B5}"
EndProject
Project("{2150E333-8FDC-42A3-9474-1A3956D46DE8}") = "EngineCore", "EngineCore", "{74BDE01C-79AA-4D86-A04B-237CBE6E5952}"
EndProject
Project("{2150E333-8FDC-42A3-9474-1A3956D46DE8}") = "thirdlibrary", "thirdlibrary", "{DF1C4CDF-D05F-4929-84F5-680B3AEDCB37}"
EndProject
Project("{8BC9CEB8-8B4A-11D0-8D11-00A0C91BC942}") = "AllianceServer", "ServerTemplate\AllianceServer\AllianceServer.vcxproj", "{7F6E5C44-70FC-44F1-B61F-02D0DD7454D6}"
	ProjectSection(ProjectDependencies) = postProject
		{EE8EA014-B38A-46EB-BCB3-46540B727F52} = {EE8EA014-B38A-46EB-BCB3-46540B727F52}
	EndProjectSection
EndProject
Project("{8BC9CEB8-8B4A-11D0-8D11-00A0C91BC942}") = "libiconv", "Build\win32\thirdlibrary\libiconv-1.9.2-src\libiconv\libiconv\libiconv.vcxproj", "{424D5595-C6AD-4BF5-9914-2D8520BDAADF}"
EndProject
Project("{8BC9CEB8-8B4A-11D0-8D11-00A0C91BC942}") = "libxml2", "Build\win32\thirdlibrary\libxml2-src\win32\VC10\libxml2.vcxproj", "{1D6039F6-5078-416F-A3AF-A36EFC7E6A1C}"
	ProjectSection(ProjectDependencies) = postProject
		{424D5595-C6AD-4BF5-9914-2D8520BDAADF} = {424D5595-C6AD-4BF5-9914-2D8520BDAADF}
	EndProjectSection
EndProject
Project("{2150E333-8FDC-42A3-9474-1A3956D46DE8}") = "libxml", "libxml", "{DBFA16F7-B168-459C-B0AA-6BE1F8C202E3}"
EndProject
Project("{2150E333-8FDC-42A3-9474-1A3956D46DE8}") = "log4xx", "log4xx", "{41F30C4A-6BB2-4B5A-AF4D-EAA159FB5AE9}"
EndProject
Project("{8BC9CEB8-8B4A-11D0-8D11-00A0C91BC942}") = "apr", "Build\win32\thirdlibrary\log4cxx\apr\apr.vcxproj", "{98CD6DA3-B169-4A27-9A95-1BE38999D4FB}"
EndProject
Project("{8BC9CEB8-8B4A-11D0-8D11-00A0C91BC942}") = "aprutil", "Build\win32\thirdlibrary\log4cxx\apr-util\aprutil.vcxproj", "{42424812-8221-48F6-A373-C2A5CCFCA321}"
EndProject
Project("{8BC9CEB8-8B4A-11D0-8D11-00A0C91BC942}") = "log4cxx", "Build\win32\thirdlibrary\log4cxx\apache-log4cxx-0.10.0\projects\log4cxx.vcxproj", "{EA8BB8C5-421E-4742-9409-97FCFBE7444F}"
EndProject
Project("{8BC9CEB8-8B4A-11D0-8D11-00A0C91BC942}") = "Engine", "Build\win32\Engine.vcxproj", "{EE8EA014-B38A-46EB-BCB3-46540B727F52}"
EndProject
Global
	GlobalSection(SolutionConfigurationPlatforms) = preSolution
		Debug|x64 = Debug|x64
		Debug|x86 = Debug|x86
		Release|x64 = Release|x64
		Release|x86 = Release|x86
		Template|x64 = Template|x64
		Template|x86 = Template|x86
	EndGlobalSection
	GlobalSection(ProjectConfigurationPlatforms) = postSolution
		{7F6E5C44-70FC-44F1-B61F-02D0DD7454D6}.Debug|x64.ActiveCfg = Debug|Win32
		{7F6E5C44-70FC-44F1-B61F-02D0DD7454D6}.Debug|x86.ActiveCfg = Debug|Win32
		{7F6E5C44-70FC-44F1-B61F-02D0DD7454D6}.Debug|x86.Build.0 = Debug|Win32
		{7F6E5C44-70FC-44F1-B61F-02D0DD7454D6}.Release|x64.ActiveCfg = Release|Win32
		{7F6E5C44-70FC-44F1-B61F-02D0DD7454D6}.Release|x86.ActiveCfg = Release|Win32
		{7F6E5C44-70FC-44F1-B61F-02D0DD7454D6}.Release|x86.Build.0 = Release|Win32
		{7F6E5C44-70FC-44F1-B61F-02D0DD7454D6}.Template|x64.ActiveCfg = Release|Win32
		{7F6E5C44-70FC-44F1-B61F-02D0DD7454D6}.Template|x64.Build.0 = Release|Win32
		{7F6E5C44-70FC-44F1-B61F-02D0DD7454D6}.Template|x86.ActiveCfg = Release|Win32
		{7F6E5C44-70FC-44F1-B61F-02D0DD7454D6}.Template|x86.Build.0 = Release|Win32
		{424D5595-C6AD-4BF5-9914-2D8520BDAADF}.Debug|x64.ActiveCfg = Debug|x64
		{424D5595-C6AD-4BF5-9914-2D8520BDAADF}.Debug|x64.Build.0 = Debug|x64
		{424D5595-C6AD-4BF5-9914-2D8520BDAADF}.Debug|x86.ActiveCfg = Debug|Win32
		{424D5595-C6AD-4BF5-9914-2D8520BDAADF}.Debug|x86.Build.0 = Debug|Win32
		{424D5595-C6AD-4BF5-9914-2D8520BDAADF}.Release|x64.ActiveCfg = Release|x64
		{424D5595-C6AD-4BF5-9914-2D8520BDAADF}.Release|x64.Build.0 = Release|x64
		{424D5595-C6AD-4BF5-9914-2D8520BDAADF}.Release|x86.ActiveCfg = Release|Win32
		{424D5595-C6AD-4BF5-9914-2D8520BDAADF}.Release|x86.Build.0 = Release|Win32
		{424D5595-C6AD-4BF5-9914-2D8520BDAADF}.Template|x64.ActiveCfg = Release|x64
		{424D5595-C6AD-4BF5-9914-2D8520BDAADF}.Template|x64.Build.0 = Release|x64
		{424D5595-C6AD-4BF5-9914-2D8520BDAADF}.Template|x86.ActiveCfg = Release|Win32
		{424D5595-C6AD-4BF5-9914-2D8520BDAADF}.Template|x86.Build.0 = Release|Win32
		{1D6039F6-5078-416F-A3AF-A36EFC7E6A1C}.Debug|x64.ActiveCfg = Debug|Win32
		{1D6039F6-5078-416F-A3AF-A36EFC7E6A1C}.Debug|x86.ActiveCfg = Debug|Win32
		{1D6039F6-5078-416F-A3AF-A36EFC7E6A1C}.Debug|x86.Build.0 = Debug|Win32
		{1D6039F6-5078-416F-A3AF-A36EFC7E6A1C}.Release|x64.ActiveCfg = Release|Win32
		{1D6039F6-5078-416F-A3AF-A36EFC7E6A1C}.Release|x86.ActiveCfg = Release|Win32
		{1D6039F6-5078-416F-A3AF-A36EFC7E6A1C}.Release|x86.Build.0 = Release|Win32
		{1D6039F6-5078-416F-A3AF-A36EFC7E6A1C}.Template|x64.ActiveCfg = Release|Win32
		{1D6039F6-5078-416F-A3AF-A36EFC7E6A1C}.Template|x64.Build.0 = Release|Win32
		{1D6039F6-5078-416F-A3AF-A36EFC7E6A1C}.Template|x86.ActiveCfg = Release|Win32
		{1D6039F6-5078-416F-A3AF-A36EFC7E6A1C}.Template|x86.Build.0 = Release|Win32
		{98CD6DA3-B169-4A27-9A95-1BE38999D4FB}.Debug|x64.ActiveCfg = Debug|Win32
		{98CD6DA3-B169-4A27-9A95-1BE38999D4FB}.Debug|x86.ActiveCfg = Debug|Win32
		{98CD6DA3-B169-4A27-9A95-1BE38999D4FB}.Debug|x86.Build.0 = Debug|Win32
		{98CD6DA3-B169-4A27-9A95-1BE38999D4FB}.Release|x64.ActiveCfg = Release|Win32
		{98CD6DA3-B169-4A27-9A95-1BE38999D4FB}.Release|x86.ActiveCfg = Release|Win32
		{98CD6DA3-B169-4A27-9A95-1BE38999D4FB}.Release|x86.Build.0 = Release|Win32
		{98CD6DA3-B169-4A27-9A95-1BE38999D4FB}.Template|x64.ActiveCfg = Release|Win32
		{98CD6DA3-B169-4A27-9A95-1BE38999D4FB}.Template|x64.Build.0 = Release|Win32
		{98CD6DA3-B169-4A27-9A95-1BE38999D4FB}.Template|x86.ActiveCfg = Release|Win32
		{98CD6DA3-B169-4A27-9A95-1BE38999D4FB}.Template|x86.Build.0 = Release|Win32
		{42424812-8221-48F6-A373-C2A5CCFCA321}.Debug|x64.ActiveCfg = Debug|Win32
		{42424812-8221-48F6-A373-C2A5CCFCA321}.Debug|x86.ActiveCfg = Debug|Win32
		{42424812-8221-48F6-A373-C2A5CCFCA321}.Debug|x86.Build.0 = Debug|Win32
		{42424812-8221-48F6-A373-C2A5CCFCA321}.Release|x64.ActiveCfg = Release|Win32
		{42424812-8221-48F6-A373-C2A5CCFCA321}.Release|x86.ActiveCfg = Release|Win32
		{42424812-8221-48F6-A373-C2A5CCFCA321}.Release|x86.Build.0 = Release|Win32
		{42424812-8221-48F6-A373-C2A5CCFCA321}.Template|x64.ActiveCfg = Template|Win32
		{42424812-8221-48F6-A373-C2A5CCFCA321}.Template|x86.ActiveCfg = Template|Win32
		{42424812-8221-48F6-A373-C2A5CCFCA321}.Template|x86.Build.0 = Template|Win32
		{EA8BB8C5-421E-4742-9409-97FCFBE7444F}.Debug|x64.ActiveCfg = Debug|Win32
		{EA8BB8C5-421E-4742-9409-97FCFBE7444F}.Debug|x86.ActiveCfg = Debug|Win32
		{EA8BB8C5-421E-4742-9409-97FCFBE7444F}.Debug|x86.Build.0 = Debug|Win32
		{EA8BB8C5-421E-4742-9409-97FCFBE7444F}.Release|x64.ActiveCfg = Release|Win32
		{EA8BB8C5-421E-4742-9409-97FCFBE7444F}.Release|x86.ActiveCfg = Release|Win32
		{EA8BB8C5-421E-4742-9409-97FCFBE7444F}.Release|x86.Build.0 = Release|Win32
		{EA8BB8C5-421E-4742-9409-97FCFBE7444F}.Template|x64.ActiveCfg = Template|Win32
		{EA8BB8C5-421E-4742-9409-97FCFBE7444F}.Template|x86.ActiveCfg = Template|Win32
		{EA8BB8C5-421E-4742-9409-97FCFBE7444F}.Template|x86.Build.0 = Template|Win32
		{EE8EA014-B38A-46EB-BCB3-46540B727F52}.Debug|x64.ActiveCfg = Debug|x64
		{EE8EA014-B38A-46EB-BCB3-46540B727F52}.Debug|x64.Build.0 = Debug|x64
		{EE8EA014-B38A-46EB-BCB3-46540B727F52}.Debug|x86.ActiveCfg = Debug|Win32
		{EE8EA014-B38A-46EB-BCB3-46540B727F52}.Debug|x86.Build.0 = Debug|Win32
		{EE8EA014-B38A-46EB-BCB3-46540B727F52}.Release|x64.ActiveCfg = Release|x64
		{EE8EA014-B38A-46EB-BCB3-46540B727F52}.Release|x64.Build.0 = Release|x64
		{EE8EA014-B38A-46EB-BCB3-46540B727F52}.Release|x86.ActiveCfg = Release|Win32
		{EE8EA014-B38A-46EB-BCB3-46540B727F52}.Release|x86.Build.0 = Release|Win32
		{EE8EA014-B38A-46EB-BCB3-46540B727F52}.Template|x64.ActiveCfg = Release|x64
		{EE8EA014-B38A-46EB-BCB3-46540B727F52}.Template|x64.Build.0 = Release|x64
		{EE8EA014-B38A-46EB-BCB3-46540B727F52}.Template|x86.ActiveCfg = Release|Win32
		{EE8EA014-B38A-46EB-BCB3-46540B727F52}.Template|x86.Build.0 = Release|Win32
	EndGlobalSection
	GlobalSection(SolutionProperties) = preSolution
		HideSolutionNode = FALSE
	EndGlobalSection
	GlobalSection(NestedProjects) = preSolution
		{DF1C4CDF-D05F-4929-84F5-680B3AEDCB37} = {74BDE01C-79AA-4D86-A04B-237CBE6E5952}
		{7F6E5C44-70FC-44F1-B61F-02D0DD7454D6} = {E63EB432-8C77-4A93-B24F-70D2997009B5}
		{424D5595-C6AD-4BF5-9914-2D8520BDAADF} = {DBFA16F7-B168-459C-B0AA-6BE1F8C202E3}
		{1D6039F6-5078-416F-A3AF-A36EFC7E6A1C} = {DBFA16F7-B168-459C-B0AA-6BE1F8C202E3}
		{DBFA16F7-B168-459C-B0AA-6BE1F8C202E3} = {DF1C4CDF-D05F-4929-84F5-680B3AEDCB37}
		{41F30C4A-6BB2-4B5A-AF4D-EAA159FB5AE9} = {DF1C4CDF-D05F-4929-84F5-680B3AEDCB37}
		{98CD6DA3-B169-4A27-9A95-1BE38999D4FB} = {41F30C4A-6BB2-4B5A-AF4D-EAA159FB5AE9}
		{42424812-8221-48F6-A373-C2A5CCFCA321} = {41F30C4A-6BB2-4B5A-AF4D-EAA159FB5AE9}
		{EA8BB8C5-421E-4742-9409-97FCFBE7444F} = {41F30C4A-6BB2-4B5A-AF4D-EAA159FB5AE9}
		{EE8EA014-B38A-46EB-BCB3-46540B727F52} = {74BDE01C-79AA-4D86-A04B-237CBE6E5952}
	EndGlobalSection
	GlobalSection(ExtensibilityGlobals) = postSolution
		SolutionGuid = {6AAFB414-CEE1-4C7D-A9C6-F0CB83EFD11E}
	EndGlobalSection
EndGlobal
