
Microsoft Visual Studio Solution File, Format Version 12.00
# Visual Studio 15
VisualStudioVersion = 15.0.28307.106
MinimumVisualStudioVersion = 10.0.40219.1
Project("{2150E333-8FDC-42A3-9474-1A3956D46DE8}") = "ServerTemplate", "ServerTemplate", "{E63EB432-8C77-4A93-B24F-70D2997009B5}"
EndProject
Project("{2150E333-8FDC-42A3-9474-1A3956D46DE8}") = "EngineCore", "EngineCore", "{74BDE01C-79AA-4D86-A04B-237CBE6E5952}"
EndProject
Project("{2150E333-8FDC-42A3-9474-1A3956D46DE8}") = "thirdlibrary", "thirdlibrary", "{DF1C4CDF-D05F-4929-84F5-680B3AEDCB37}"
EndProject
Project("{8BC9CEB8-8B4A-11D0-8D11-00A0C91BC942}") = "libiconv", "Engine\thirdlibrary\libiconv-1.9.2-src\libiconv\libiconv\libiconv.vcxproj", "{424D5595-C6AD-4BF5-9914-2D8520BDAADF}"
EndProject
Project("{8BC9CEB8-8B4A-11D0-8D11-00A0C91BC942}") = "libxml2", "Engine\thirdlibrary\libxml2-src\win32\VC10\libxml2.vcxproj", "{1D6039F6-5078-416F-A3AF-A36EFC7E6A1C}"
EndProject
Project("{8BC9CEB8-8B4A-11D0-8D11-00A0C91BC942}") = "Engine", "Engine\win32_sln\Engine.vcxproj", "{EE8EA014-B38A-46EB-BCB3-46540B727F52}"
EndProject
Project("{8BC9CEB8-8B4A-11D0-8D11-00A0C91BC942}") = "AllianceServer", "ServerTemplate\AllianceServer\AllianceServer.vcxproj", "{7F6E5C44-70FC-44F1-B61F-02D0DD7454D6}"
	ProjectSection(ProjectDependencies) = postProject
		{EE8EA014-B38A-46EB-BCB3-46540B727F52} = {EE8EA014-B38A-46EB-BCB3-46540B727F52}
	EndProjectSection
EndProject
Global
	GlobalSection(SolutionConfigurationPlatforms) = preSolution
		Debug|x64 = Debug|x64
		Debug|x86 = Debug|x86
		Release|x64 = Release|x64
		Release|x86 = Release|x86
	EndGlobalSection
	GlobalSection(ProjectConfigurationPlatforms) = postSolution
		{424D5595-C6AD-4BF5-9914-2D8520BDAADF}.Debug|x64.ActiveCfg = Debug|x64
		{424D5595-C6AD-4BF5-9914-2D8520BDAADF}.Debug|x64.Build.0 = Debug|x64
		{424D5595-C6AD-4BF5-9914-2D8520BDAADF}.Debug|x86.ActiveCfg = Debug|Win32
		{424D5595-C6AD-4BF5-9914-2D8520BDAADF}.Debug|x86.Build.0 = Debug|Win32
		{424D5595-C6AD-4BF5-9914-2D8520BDAADF}.Release|x64.ActiveCfg = Release|x64
		{424D5595-C6AD-4BF5-9914-2D8520BDAADF}.Release|x64.Build.0 = Release|x64
		{424D5595-C6AD-4BF5-9914-2D8520BDAADF}.Release|x86.ActiveCfg = Release|Win32
		{424D5595-C6AD-4BF5-9914-2D8520BDAADF}.Release|x86.Build.0 = Release|Win32
		{1D6039F6-5078-416F-A3AF-A36EFC7E6A1C}.Debug|x64.ActiveCfg = Debug|Win32
		{1D6039F6-5078-416F-A3AF-A36EFC7E6A1C}.Debug|x86.ActiveCfg = Debug|Win32
		{1D6039F6-5078-416F-A3AF-A36EFC7E6A1C}.Debug|x86.Build.0 = Debug|Win32
		{1D6039F6-5078-416F-A3AF-A36EFC7E6A1C}.Release|x64.ActiveCfg = Release|Win32
		{1D6039F6-5078-416F-A3AF-A36EFC7E6A1C}.Release|x86.ActiveCfg = Release|Win32
		{1D6039F6-5078-416F-A3AF-A36EFC7E6A1C}.Release|x86.Build.0 = Release|Win32
		{EE8EA014-B38A-46EB-BCB3-46540B727F52}.Debug|x64.ActiveCfg = Debug|x64
		{EE8EA014-B38A-46EB-BCB3-46540B727F52}.Debug|x64.Build.0 = Debug|x64
		{EE8EA014-B38A-46EB-BCB3-46540B727F52}.Debug|x86.ActiveCfg = Debug|Win32
		{EE8EA014-B38A-46EB-BCB3-46540B727F52}.Debug|x86.Build.0 = Debug|Win32
		{EE8EA014-B38A-46EB-BCB3-46540B727F52}.Release|x64.ActiveCfg = Release|x64
		{EE8EA014-B38A-46EB-BCB3-46540B727F52}.Release|x64.Build.0 = Release|x64
		{EE8EA014-B38A-46EB-BCB3-46540B727F52}.Release|x86.ActiveCfg = Release|Win32
		{EE8EA014-B38A-46EB-BCB3-46540B727F52}.Release|x86.Build.0 = Release|Win32
		{7F6E5C44-70FC-44F1-B61F-02D0DD7454D6}.Debug|x64.ActiveCfg = Debug|Win32
		{7F6E5C44-70FC-44F1-B61F-02D0DD7454D6}.Debug|x86.ActiveCfg = Debug|Win32
		{7F6E5C44-70FC-44F1-B61F-02D0DD7454D6}.Debug|x86.Build.0 = Debug|Win32
		{7F6E5C44-70FC-44F1-B61F-02D0DD7454D6}.Release|x64.ActiveCfg = Release|Win32
		{7F6E5C44-70FC-44F1-B61F-02D0DD7454D6}.Release|x86.ActiveCfg = Release|Win32
		{7F6E5C44-70FC-44F1-B61F-02D0DD7454D6}.Release|x86.Build.0 = Release|Win32
	EndGlobalSection
	GlobalSection(SolutionProperties) = preSolution
		HideSolutionNode = FALSE
	EndGlobalSection
	GlobalSection(NestedProjects) = preSolution
		{DF1C4CDF-D05F-4929-84F5-680B3AEDCB37} = {74BDE01C-79AA-4D86-A04B-237CBE6E5952}
		{424D5595-C6AD-4BF5-9914-2D8520BDAADF} = {DF1C4CDF-D05F-4929-84F5-680B3AEDCB37}
		{1D6039F6-5078-416F-A3AF-A36EFC7E6A1C} = {DF1C4CDF-D05F-4929-84F5-680B3AEDCB37}
		{EE8EA014-B38A-46EB-BCB3-46540B727F52} = {74BDE01C-79AA-4D86-A04B-237CBE6E5952}
		{7F6E5C44-70FC-44F1-B61F-02D0DD7454D6} = {E63EB432-8C77-4A93-B24F-70D2997009B5}
	EndGlobalSection
	GlobalSection(ExtensibilityGlobals) = postSolution
		SolutionGuid = {6AAFB414-CEE1-4C7D-A9C6-F0CB83EFD11E}
	EndGlobalSection
EndGlobal
